
Microsoft Visual Studio Solution File, Format Version 12.00
# Visual Studio Version 17
VisualStudioVersion = 17.6.33801.468
MinimumVisualStudioVersion = 10.0.40219.1
Project("{FAE04EC0-301F-11D3-BF4B-00C04F79EFBC}") = "pr020507-1", "pr020507-1\pr020507-1.csproj", "{4870EAD2-87CE-4951-8697-F85E6FBDE3AB}"
EndProject
Global
	GlobalSection(SolutionConfigurationPlatforms) = preSolution
		Debug|Any CPU = Debug|Any CPU
		Release|Any CPU = Release|Any CPU
	EndGlobalSection
	GlobalSection(ProjectConfigurationPlatforms) = postSolution
		{4870EAD2-87CE-4951-8697-F85E6FBDE3AB}.Debug|Any CPU.ActiveCfg = Debug|Any CPU
		{4870EAD2-87CE-4951-8697-F85E6FBDE3AB}.Debug|Any CPU.Build.0 = Debug|Any CPU
		{4870EAD2-87CE-4951-8697-F85E6FBDE3AB}.Release|Any CPU.ActiveCfg = Release|Any CPU
		{4870EAD2-87CE-4951-8697-F85E6FBDE3AB}.Release|Any CPU.Build.0 = Release|Any CPU
	EndGlobalSection
	GlobalSection(SolutionProperties) = preSolution
		HideSolutionNode = FALSE
	EndGlobalSection
	GlobalSection(ExtensibilityGlobals) = postSolution
		SolutionGuid = {FB14246D-3FFD-4FA4-8045-9D82F140CDE2}
	EndGlobalSection
EndGlobal
